// !$*UTF8*$!
{
	archiveVersion = 1;
	classes = {
	};
	objectVersion = 50;
	objects = {

/* Begin PBXBuildFile section */
		5AA85D24240177C50094BC4F /* AppDelegate.swift in Sources */ = {isa = PBXBuildFile; fileRef = 5AA85D23240177C50094BC4F /* AppDelegate.swift */; };
		5AA85D2B240177C50094BC4F /* Main.storyboard in Resources */ = {isa = PBXBuildFile; fileRef = 5AA85D29240177C50094BC4F /* Main.storyboard */; };
		5AA85D2D240177C60094BC4F /* Assets.xcassets in Resources */ = {isa = PBXBuildFile; fileRef = 5AA85D2C240177C60094BC4F /* Assets.xcassets */; };
		5AA85D30240177C60094BC4F /* LaunchScreen.storyboard in Resources */ = {isa = PBXBuildFile; fileRef = 5AA85D2E240177C60094BC4F /* LaunchScreen.storyboard */; };
		5AC4E221240186B60044F337 /* sofiapro-light.otf in Resources */ = {isa = PBXBuildFile; fileRef = 5AC4E220240186B60044F337 /* sofiapro-light.otf */; };
		5AC4E22324018E7B0044F337 /* WeatherViewController.swift in Sources */ = {isa = PBXBuildFile; fileRef = 5AC4E22224018E7B0044F337 /* WeatherViewController.swift */; };
		5AC4E22524018EE00044F337 /* SearchCityViewController.swift in Sources */ = {isa = PBXBuildFile; fileRef = 5AC4E22424018EE00044F337 /* SearchCityViewController.swift */; };
/* End PBXBuildFile section */

/* Begin PBXFileReference section */
		5AA85D20240177C50094BC4F /* Weather.app */ = {isa = PBXFileReference; explicitFileType = wrapper.application; includeInIndex = 0; path = Weather.app; sourceTree = BUILT_PRODUCTS_DIR; };
		5AA85D23240177C50094BC4F /* AppDelegate.swift */ = {isa = PBXFileReference; lastKnownFileType = sourcecode.swift; path = AppDelegate.swift; sourceTree = "<group>"; };
		5AA85D2A240177C50094BC4F /* Base */ = {isa = PBXFileReference; lastKnownFileType = file.storyboard; name = Base; path = Base.lproj/Main.storyboard; sourceTree = "<group>"; };
		5AA85D2C240177C60094BC4F /* Assets.xcassets */ = {isa = PBXFileReference; lastKnownFileType = folder.assetcatalog; path = Assets.xcassets; sourceTree = "<group>"; };
		5AA85D2F240177C60094BC4F /* Base */ = {isa = PBXFileReference; lastKnownFileType = file.storyboard; name = Base; path = Base.lproj/LaunchScreen.storyboard; sourceTree = "<group>"; };
		5AA85D31240177C60094BC4F /* Info.plist */ = {isa = PBXFileReference; lastKnownFileType = text.plist.xml; path = Info.plist; sourceTree = "<group>"; };
		5AC4E220240186B60044F337 /* sofiapro-light.otf */ = {isa = PBXFileReference; lastKnownFileType = file; path = "sofiapro-light.otf"; sourceTree = "<group>"; };
		5AC4E22224018E7B0044F337 /* WeatherViewController.swift */ = {isa = PBXFileReference; fileEncoding = 4; lastKnownFileType = sourcecode.swift; path = WeatherViewController.swift; sourceTree = "<group>"; };
		5AC4E22424018EE00044F337 /* SearchCityViewController.swift */ = {isa = PBXFileReference; fileEncoding = 4; lastKnownFileType = sourcecode.swift; path = SearchCityViewController.swift; sourceTree = "<group>"; };
/* End PBXFileReference section */

/* Begin PBXFrameworksBuildPhase section */
		5AA85D1D240177C50094BC4F /* Frameworks */ = {
			isa = PBXFrameworksBuildPhase;
			buildActionMask = 2147483647;
			files = (
			);
			runOnlyForDeploymentPostprocessing = 0;
		};
/* End PBXFrameworksBuildPhase section */

/* Begin PBXGroup section */
		5AA85D17240177C50094BC4F = {
			isa = PBXGroup;
			children = (
				5AA85D22240177C50094BC4F /* Weather */,
				5AA85D21240177C50094BC4F /* Products */,
			);
			sourceTree = "<group>";
		};
		5AA85D21240177C50094BC4F /* Products */ = {
			isa = PBXGroup;
			children = (
				5AA85D20240177C50094BC4F /* Weather.app */,
			);
			name = Products;
			sourceTree = "<group>";
		};
		5AA85D22240177C50094BC4F /* Weather */ = {
			isa = PBXGroup;
			children = (
				5AA85D3C240183340094BC4F /* Assets */,
				5AA85D39240182830094BC4F /* View */,
				5AA85D38240182570094BC4F /* Viewmodel */,
				5AA85D372401823C0094BC4F /* Model */,
				5AA85D23240177C50094BC4F /* AppDelegate.swift */,
			);
			path = Weather;
			sourceTree = "<group>";
		};
		5AA85D372401823C0094BC4F /* Model */ = {
			isa = PBXGroup;
			children = (
			);
			path = Model;
			sourceTree = "<group>";
		};
		5AA85D38240182570094BC4F /* Viewmodel */ = {
			isa = PBXGroup;
			children = (
			);
			path = Viewmodel;
			sourceTree = "<group>";
		};
		5AA85D39240182830094BC4F /* View */ = {
			isa = PBXGroup;
			children = (
				5AA85D3B240182B40094BC4F /* Viewcontroller */,
				5AA85D3A240182910094BC4F /* Storyboard */,
			);
			path = View;
			sourceTree = "<group>";
		};
		5AA85D3A240182910094BC4F /* Storyboard */ = {
			isa = PBXGroup;
			children = (
				5AA85D29240177C50094BC4F /* Main.storyboard */,
				5AA85D2E240177C60094BC4F /* LaunchScreen.storyboard */,
			);
			path = Storyboard;
			sourceTree = "<group>";
		};
		5AA85D3B240182B40094BC4F /* Viewcontroller */ = {
			isa = PBXGroup;
			children = (
				5AC4E22424018EE00044F337 /* SearchCityViewController.swift */,
				5AC4E22224018E7B0044F337 /* WeatherViewController.swift */,
			);
			path = Viewcontroller;
			sourceTree = "<group>";
		};
		5AA85D3C240183340094BC4F /* Assets */ = {
			isa = PBXGroup;
			children = (
				5AA85D2C240177C60094BC4F /* Assets.xcassets */,
				5AA85D31240177C60094BC4F /* Info.plist */,
				5AA85D3D240183470094BC4F /* Font */,
			);
			path = Assets;
			sourceTree = "<group>";
		};
		5AA85D3D240183470094BC4F /* Font */ = {
			isa = PBXGroup;
			children = (
				5AC4E220240186B60044F337 /* sofiapro-light.otf */,
			);
			path = Font;
			sourceTree = "<group>";
		};
/* End PBXGroup section */

/* Begin PBXNativeTarget section */
		5AA85D1F240177C50094BC4F /* Weather */ = {
			isa = PBXNativeTarget;
			buildConfigurationList = 5AA85D34240177C60094BC4F /* Build configuration list for PBXNativeTarget "Weather" */;
			buildPhases = (
				5AA85D1C240177C50094BC4F /* Sources */,
				5AA85D1D240177C50094BC4F /* Frameworks */,
				5AA85D1E240177C50094BC4F /* Resources */,
			);
			buildRules = (
			);
			dependencies = (
			);
			name = Weather;
			productName = Weather;
			productReference = 5AA85D20240177C50094BC4F /* Weather.app */;
			productType = "com.apple.product-type.application";
		};
/* End PBXNativeTarget section */

/* Begin PBXProject section */
		5AA85D18240177C50094BC4F /* Project object */ = {
			isa = PBXProject;
			attributes = {
				LastSwiftUpdateCheck = 1130;
				LastUpgradeCheck = 1130;
				ORGANIZATIONNAME = "Hessam Mahdiabadi";
				TargetAttributes = {
					5AA85D1F240177C50094BC4F = {
						CreatedOnToolsVersion = 11.3;
					};
				};
			};
			buildConfigurationList = 5AA85D1B240177C50094BC4F /* Build configuration list for PBXProject "Weather" */;
			compatibilityVersion = "Xcode 9.3";
			developmentRegion = en;
			hasScannedForEncodings = 0;
			knownRegions = (
				en,
				Base,
			);
			mainGroup = 5AA85D17240177C50094BC4F;
			productRefGroup = 5AA85D21240177C50094BC4F /* Products */;
			projectDirPath = "";
			projectRoot = "";
			targets = (
				5AA85D1F240177C50094BC4F /* Weather */,
			);
		};
/* End PBXProject section */

/* Begin PBXResourcesBuildPhase section */
		5AA85D1E240177C50094BC4F /* Resources */ = {
			isa = PBXResourcesBuildPhase;
			buildActionMask = 2147483647;
			files = (
				5AA85D30240177C60094BC4F /* LaunchScreen.storyboard in Resources */,
				5AC4E221240186B60044F337 /* sofiapro-light.otf in Resources */,
				5AA85D2D240177C60094BC4F /* Assets.xcassets in Resources */,
				5AA85D2B240177C50094BC4F /* Main.storyboard in Resources */,
			);
			runOnlyForDeploymentPostprocessing = 0;
		};
/* End PBXResourcesBuildPhase section */

/* Begin PBXSourcesBuildPhase section */
		5AA85D1C240177C50094BC4F /* Sources */ = {
			isa = PBXSourcesBuildPhase;
			buildActionMask = 2147483647;
			files = (
				5AC4E22524018EE00044F337 /* SearchCityViewController.swift in Sources */,
				5AA85D24240177C50094BC4F /* AppDelegate.swift in Sources */,
				5AC4E22324018E7B0044F337 /* WeatherViewController.swift in Sources */,
			);
			runOnlyForDeploymentPostprocessing = 0;
		};
/* End PBXSourcesBuildPhase section */

/* Begin PBXVariantGroup section */
		5AA85D29240177C50094BC4F /* Main.storyboard */ = {
			isa = PBXVariantGroup;
			children = (
				5AA85D2A240177C50094BC4F /* Base */,
			);
			name = Main.storyboard;
			sourceTree = "<group>";
		};
		5AA85D2E240177C60094BC4F /* LaunchScreen.storyboard */ = {
			isa = PBXVariantGroup;
			children = (
				5AA85D2F240177C60094BC4F /* Base */,
			);
			name = LaunchScreen.storyboard;
			sourceTree = "<group>";
		};
/* End PBXVariantGroup section */

/* Begin XCBuildConfiguration section */
		5AA85D32240177C60094BC4F /* Debug */ = {
			isa = XCBuildConfiguration;
			buildSettings = {
				ALWAYS_SEARCH_USER_PATHS = NO;
				CLANG_ANALYZER_NONNULL = YES;
				CLANG_ANALYZER_NUMBER_OBJECT_CONVERSION = YES_AGGRESSIVE;
				CLANG_CXX_LANGUAGE_STANDARD = "gnu++14";
				CLANG_CXX_LIBRARY = "libc++";
				CLANG_ENABLE_MODULES = YES;
				CLANG_ENABLE_OBJC_ARC = YES;
				CLANG_ENABLE_OBJC_WEAK = YES;
				CLANG_WARN_BLOCK_CAPTURE_AUTORELEASING = YES;
				CLANG_WARN_BOOL_CONVERSION = YES;
				CLANG_WARN_COMMA = YES;
				CLANG_WARN_CONSTANT_CONVERSION = YES;
				CLANG_WARN_DEPRECATED_OBJC_IMPLEMENTATIONS = YES;
				CLANG_WARN_DIRECT_OBJC_ISA_USAGE = YES_ERROR;
				CLANG_WARN_DOCUMENTATION_COMMENTS = YES;
				CLANG_WARN_EMPTY_BODY = YES;
				CLANG_WARN_ENUM_CONVERSION = YES;
				CLANG_WARN_INFINITE_RECURSION = YES;
				CLANG_WARN_INT_CONVERSION = YES;
				CLANG_WARN_NON_LITERAL_NULL_CONVERSION = YES;
				CLANG_WARN_OBJC_IMPLICIT_RETAIN_SELF = YES;
				CLANG_WARN_OBJC_LITERAL_CONVERSION = YES;
				CLANG_WARN_OBJC_ROOT_CLASS = YES_ERROR;
				CLANG_WARN_RANGE_LOOP_ANALYSIS = YES;
				CLANG_WARN_STRICT_PROTOTYPES = YES;
				CLANG_WARN_SUSPICIOUS_MOVE = YES;
				CLANG_WARN_UNGUARDED_AVAILABILITY = YES_AGGRESSIVE;
				CLANG_WARN_UNREACHABLE_CODE = YES;
				CLANG_WARN__DUPLICATE_METHOD_MATCH = YES;
				COPY_PHASE_STRIP = NO;
				DEBUG_INFORMATION_FORMAT = dwarf;
				ENABLE_STRICT_OBJC_MSGSEND = YES;
				ENABLE_TESTABILITY = YES;
				GCC_C_LANGUAGE_STANDARD = gnu11;
				GCC_DYNAMIC_NO_PIC = NO;
				GCC_NO_COMMON_BLOCKS = YES;
				GCC_OPTIMIZATION_LEVEL = 0;
				GCC_PREPROCESSOR_DEFINITIONS = (
					"DEBUG=1",
					"$(inherited)",
				);
				GCC_WARN_64_TO_32_BIT_CONVERSION = YES;
				GCC_WARN_ABOUT_RETURN_TYPE = YES_ERROR;
				GCC_WARN_UNDECLARED_SELECTOR = YES;
				GCC_WARN_UNINITIALIZED_AUTOS = YES_AGGRESSIVE;
				GCC_WARN_UNUSED_FUNCTION = YES;
				GCC_WARN_UNUSED_VARIABLE = YES;
				IPHONEOS_DEPLOYMENT_TARGET = 13.2;
				MTL_ENABLE_DEBUG_INFO = INCLUDE_SOURCE;
				MTL_FAST_MATH = YES;
				ONLY_ACTIVE_ARCH = YES;
				SDKROOT = iphoneos;
				SWIFT_ACTIVE_COMPILATION_CONDITIONS = DEBUG;
				SWIFT_OPTIMIZATION_LEVEL = "-Onone";
			};
			name = Debug;
		};
		5AA85D33240177C60094BC4F /* Release */ = {
			isa = XCBuildConfiguration;
			buildSettings = {
				ALWAYS_SEARCH_USER_PATHS = NO;
				CLANG_ANALYZER_NONNULL = YES;
				CLANG_ANALYZER_NUMBER_OBJECT_CONVERSION = YES_AGGRESSIVE;
				CLANG_CXX_LANGUAGE_STANDARD = "gnu++14";
				CLANG_CXX_LIBRARY = "libc++";
				CLANG_ENABLE_MODULES = YES;
				CLANG_ENABLE_OBJC_ARC = YES;
				CLANG_ENABLE_OBJC_WEAK = YES;
				CLANG_WARN_BLOCK_CAPTURE_AUTORELEASING = YES;
				CLANG_WARN_BOOL_CONVERSION = YES;
				CLANG_WARN_COMMA = YES;
				CLANG_WARN_CONSTANT_CONVERSION = YES;
				CLANG_WARN_DEPRECATED_OBJC_IMPLEMENTATIONS = YES;
				CLANG_WARN_DIRECT_OBJC_ISA_USAGE = YES_ERROR;
				CLANG_WARN_DOCUMENTATION_COMMENTS = YES;
				CLANG_WARN_EMPTY_BODY = YES;
				CLANG_WARN_ENUM_CONVERSION = YES;
				CLANG_WARN_INFINITE_RECURSION = YES;
				CLANG_WARN_INT_CONVERSION = YES;
				CLANG_WARN_NON_LITERAL_NULL_CONVERSION = YES;
				CLANG_WARN_OBJC_IMPLICIT_RETAIN_SELF = YES;
				CLANG_WARN_OBJC_LITERAL_CONVERSION = YES;
				CLANG_WARN_OBJC_ROOT_CLASS = YES_ERROR;
				CLANG_WARN_RANGE_LOOP_ANALYSIS = YES;
				CLANG_WARN_STRICT_PROTOTYPES = YES;
				CLANG_WARN_SUSPICIOUS_MOVE = YES;
				CLANG_WARN_UNGUARDED_AVAILABILITY = YES_AGGRESSIVE;
				CLANG_WARN_UNREACHABLE_CODE = YES;
				CLANG_WARN__DUPLICATE_METHOD_MATCH = YES;
				COPY_PHASE_STRIP = NO;
				DEBUG_INFORMATION_FORMAT = "dwarf-with-dsym";
				ENABLE_NS_ASSERTIONS = NO;
				ENABLE_STRICT_OBJC_MSGSEND = YES;
				GCC_C_LANGUAGE_STANDARD = gnu11;
				GCC_NO_COMMON_BLOCKS = YES;
				GCC_WARN_64_TO_32_BIT_CONVERSION = YES;
				GCC_WARN_ABOUT_RETURN_TYPE = YES_ERROR;
				GCC_WARN_UNDECLARED_SELECTOR = YES;
				GCC_WARN_UNINITIALIZED_AUTOS = YES_AGGRESSIVE;
				GCC_WARN_UNUSED_FUNCTION = YES;
				GCC_WARN_UNUSED_VARIABLE = YES;
				IPHONEOS_DEPLOYMENT_TARGET = 13.2;
				MTL_ENABLE_DEBUG_INFO = NO;
				MTL_FAST_MATH = YES;
				SDKROOT = iphoneos;
				SWIFT_COMPILATION_MODE = wholemodule;
				SWIFT_OPTIMIZATION_LEVEL = "-O";
				VALIDATE_PRODUCT = YES;
			};
			name = Release;
		};
		5AA85D35240177C60094BC4F /* Debug */ = {
			isa = XCBuildConfiguration;
			buildSettings = {
				ASSETCATALOG_COMPILER_APPICON_NAME = AppIcon;
				CODE_SIGN_STYLE = Automatic;
				DEVELOPMENT_TEAM = JTCCDH3U9D;
				INFOPLIST_FILE = "$(SRCROOT)/Weather/Assets/Info.plist";
				IPHONEOS_DEPLOYMENT_TARGET = 11.0;
				LD_RUNPATH_SEARCH_PATHS = (
					"$(inherited)",
					"@executable_path/Frameworks",
				);
				PRODUCT_BUNDLE_IDENTIFIER = com.sanjabbook.Weather;
				PRODUCT_NAME = "$(TARGET_NAME)";
				SWIFT_VERSION = 5.0;
				TARGETED_DEVICE_FAMILY = "1,2";
			};
			name = Debug;
		};
		5AA85D36240177C60094BC4F /* Release */ = {
			isa = XCBuildConfiguration;
			buildSettings = {
				ASSETCATALOG_COMPILER_APPICON_NAME = AppIcon;
				CODE_SIGN_STYLE = Automatic;
				DEVELOPMENT_TEAM = JTCCDH3U9D;
				INFOPLIST_FILE = "$(SRCROOT)/Weather/Assets/Info.plist";
				IPHONEOS_DEPLOYMENT_TARGET = 11.0;
				LD_RUNPATH_SEARCH_PATHS = (
					"$(inherited)",
					"@executable_path/Frameworks",
				);
				PRODUCT_BUNDLE_IDENTIFIER = com.sanjabbook.Weather;
				PRODUCT_NAME = "$(TARGET_NAME)";
				SWIFT_VERSION = 5.0;
				TARGETED_DEVICE_FAMILY = "1,2";
			};
			name = Release;
		};
/* End XCBuildConfiguration section */

/* Begin XCConfigurationList section */
		5AA85D1B240177C50094BC4F /* Build configuration list for PBXProject "Weather" */ = {
			isa = XCConfigurationList;
			buildConfigurations = (
				5AA85D32240177C60094BC4F /* Debug */,
				5AA85D33240177C60094BC4F /* Release */,
			);
			defaultConfigurationIsVisible = 0;
			defaultConfigurationName = Release;
		};
		5AA85D34240177C60094BC4F /* Build configuration list for PBXNativeTarget "Weather" */ = {
			isa = XCConfigurationList;
			buildConfigurations = (
				5AA85D35240177C60094BC4F /* Debug */,
				5AA85D36240177C60094BC4F /* Release */,
			);
			defaultConfigurationIsVisible = 0;
			defaultConfigurationName = Release;
		};
/* End XCConfigurationList section */
	};
	rootObject = 5AA85D18240177C50094BC4F /* Project object */;
}
